github.com/ardanlabs/conf/v3 v3.10.0 h1:qIrJ/WBmH/hFQ/IX4xH9LX9LzwK44T9aEOy78M+4S+0=
github.com/ardanlabs/conf/v3 v3.10.0/go.mod h1:XlL9P0quWP4m1weOVFmlezabinbZLI05niDof/+Ochk=
github.com/dimfeld/httptreemux/v5 v5.5.0 h1:p8jkiMrCuZ0CmhwYLcbNbl7DDo21fozhKHQ2PccwOFQ=
github.com/dimfeld/httptreemux/v5 v5.5.0/go.mod h1:QeEylH57C0v3VO0tkKraVz9oD3Uu93CKPnTLbsidvSw=
github.com/golang-jwt/jwt/v4 v4.5.2 h1:YtQM7lnr8iZ+j5q71MGKkNw9Mn7AjHM68uc9g5fXeUI=
github.com/golang-jwt/jwt/v4 v4.5.2/go.mod h1:m21LjoU+eqJr34lmDMbreY2eSTRJ1cv77w39/MY0Ch0=
github.com/google/go-cmp v0.3.1 h1:Xye71clBPdm5HgqGwUkwhbynsUJZhDbS20FvLhQ2izg=
github.com/google/go-cmp v0.3.1/go.mod h1:8QqcDgzrUqlUb/G2PQTWiueGozuR1884gddMywk6iLU=
github.com/google/uuid v1.6.0 h1:NIvaJDMOsjHA8n1jAhLSgzrAzy1Hgr+hNrb57e+94F0=
github.com/google/uuid v1.6.0/go.mod h1:TIyPZe4MgqvfeYDBFedMoGGpEw/LqOeaOT+nhxU+yHo=
gopkg.in/yaml.v3 v3.0.1 h1:fxVm/GzAzEWqLHuvctI91KS9hhNmmWOoWu0XTYJS7CA=
gopkg.in/yaml.v3 v3.0.1/go.mod h1:K4uyk7z7BCEPqu6E+C64Yfv1cQ7kz7rIZviUmN+EgEM=
